
Microsoft Visual Studio Solution File, Format Version 12.00
# Visual Studio Version 16
VisualStudioVersion = 16.0.31910.168
MinimumVisualStudioVersion = 10.0.40219.1
Project("{8BC9CEB8-8B4A-11D0-8D11-00A0C91BC942}") = "testcpp", "testcpp.vcxproj", "{BDA4F422-62BA-43C4-BD25-D6FF2DCDC083}"
EndProject
Project("{8BC9CEB8-8B4A-11D0-8D11-00A0C91BC942}") = "test22cpp", "..\test22cpp\test22cpp.vcxproj", "{7B2CDD6E-6FDF-4502-AEB8-FCCE7DF732CC}"
EndProject
Project("{8BC9CEB8-8B4A-11D0-8D11-00A0C91BC942}") = "kmp", "..\kmp\kmp.vcxproj", "{8B1BF817-6ED6-430E-AE23-01F28AC31099}"
EndProject
Project("{8BC9CEB8-8B4A-11D0-8D11-00A0C91BC942}") = "最长回文子串（没做出来）", "..\最长回文子串\最长回文子串.vcxproj", "{A305B78B-8CAE-4D37-92C5-6091E91F25EC}"
EndProject
Project("{8BC9CEB8-8B4A-11D0-8D11-00A0C91BC942}") = "移动零", "..\移动零\移动零.vcxproj", "{560B5CBA-E4AA-473E-A4CD-81540B0DEC1F}"
EndProject
Project("{8BC9CEB8-8B4A-11D0-8D11-00A0C91BC942}") = "两数之和", "..\两数之和\两数之和.vcxproj", "{D80381AD-1D39-4B29-A6FC-E94FD6272E70}"
EndProject
Project("{8BC9CEB8-8B4A-11D0-8D11-00A0C91BC942}") = "无重复字符的最长子串", "..\无重复字符的最长子串\无重复字符的最长子串.vcxproj", "{30A8FD2D-608D-4FD0-917C-AA6389A2746C}"
EndProject
Project("{8BC9CEB8-8B4A-11D0-8D11-00A0C91BC942}") = "翻转链表（没做出来）", "..\反转链表\反转链表.vcxproj", "{5E851997-BE6B-4312-8E44-EDB5B78286FB}"
EndProject
Project("{8BC9CEB8-8B4A-11D0-8D11-00A0C91BC942}") = "53. 最大子数组和(没做出来)", "..\53. 最大子数组和\53. 最大子数组和.vcxproj", "{642447E5-5386-43B1-9A96-6418B3BAF754}"
EndProject
Project("{8BC9CEB8-8B4A-11D0-8D11-00A0C91BC942}") = "翻转二叉树(没做出来)", "..\翻转二叉树\翻转二叉树.vcxproj", "{206FDB77-D124-40CA-A6FA-595F40954F3C}"
EndProject
Project("{8BC9CEB8-8B4A-11D0-8D11-00A0C91BC942}") = "手撕排序（冒泡，快速，堆，归并）", "..\手撕排序（冒泡，快速，堆，归并）\手撕排序（冒泡，快速，堆，归并）.vcxproj", "{C50A7B44-CE17-48BE-9F3D-98B5ED76B58B}"
EndProject
Project("{8BC9CEB8-8B4A-11D0-8D11-00A0C91BC942}") = "二叉树的各种遍历（迭代法没看，层序没写出来）", "..\二叉树的各种遍历\二叉树的各种遍历.vcxproj", "{BE1B5444-E9D3-4A54-A002-AE8A24C378C6}"
EndProject
Project("{8BC9CEB8-8B4A-11D0-8D11-00A0C91BC942}") = "前中，中后序构造二叉树", "..\前中，中后序构造二叉树\前中，中后序构造二叉树.vcxproj", "{246BC1FC-8076-4C74-948C-245482DBE3EF}"
EndProject
Project("{8BC9CEB8-8B4A-11D0-8D11-00A0C91BC942}") = "二叉树的最大最小深度or宽度（没做出来）", "..\二叉树的最大深度or宽度\二叉树的最大深度or宽度.vcxproj", "{63CEABC8-DDB7-4C61-866A-F21AA4F6B5DA}"
EndProject
Project("{8BC9CEB8-8B4A-11D0-8D11-00A0C91BC942}") = "LRU 缓存（没做出来）", "..\LRU 缓存\LRU 缓存.vcxproj", "{F509685C-AD42-4DBC-B478-ED17F8F16924}"
EndProject
Project("{8BC9CEB8-8B4A-11D0-8D11-00A0C91BC942}") = "买卖股票的最佳时机", "..\买卖股票的最佳时机\买卖股票的最佳时机.vcxproj", "{F078BBD4-2B58-4332-8075-E409C72015F0}"
EndProject
Project("{8BC9CEB8-8B4A-11D0-8D11-00A0C91BC942}") = "最长递增子序列（没做出来）", "..\最长递增子序列\最长递增子序列.vcxproj", "{0C617E5D-3C39-4915-9E86-C6A45D5CD510}"
EndProject
Project("{8BC9CEB8-8B4A-11D0-8D11-00A0C91BC942}") = "二分查找", "..\二分查找\二分查找.vcxproj", "{68EF150C-F049-461B-869A-74951F428FCD}"
EndProject
Project("{8BC9CEB8-8B4A-11D0-8D11-00A0C91BC942}") = "爬楼梯", "..\爬楼梯\爬楼梯.vcxproj", "{453F1D68-FD86-4633-9252-4C87CBBF0712}"
EndProject
Project("{8BC9CEB8-8B4A-11D0-8D11-00A0C91BC942}") = "数组中的第K个最大元素（排序后再做）", "..\数组中的第K个最大元素\数组中的第K个最大元素.vcxproj", "{94F448E8-54A2-41A7-855B-33FB81671841}"
EndProject
Project("{8BC9CEB8-8B4A-11D0-8D11-00A0C91BC942}") = "三数之和（没做出来）", "..\三数之和\三数之和.vcxproj", "{1427A866-63A6-4957-A65A-534A524C07AE}"
EndProject
Project("{8BC9CEB8-8B4A-11D0-8D11-00A0C91BC942}") = "K 个一组翻转链表", "..\K 个一组翻转链表\K 个一组翻转链表.vcxproj", "{180CCBD3-912A-4275-98CB-1E77D12900D1}"
EndProject
Project("{8BC9CEB8-8B4A-11D0-8D11-00A0C91BC942}") = "合并两个有序链表（没做出来）", "..\合并两个有序链表\合并两个有序链表.vcxproj", "{B00626C1-BC7F-4BC3-BB99-6444CCAA391E}"
EndProject
Project("{8BC9CEB8-8B4A-11D0-8D11-00A0C91BC942}") = "环形链表", "..\环形链表\环形链表.vcxproj", "{37E56DE6-63EF-4E54-97D8-8C84FEB22AAF}"
EndProject
Global
	GlobalSection(SolutionConfigurationPlatforms) = preSolution
		Debug|x64 = Debug|x64
		Debug|x86 = Debug|x86
		Release|x64 = Release|x64
		Release|x86 = Release|x86
	EndGlobalSection
	GlobalSection(ProjectConfigurationPlatforms) = postSolution
		{BDA4F422-62BA-43C4-BD25-D6FF2DCDC083}.Debug|x64.ActiveCfg = Debug|x64
		{BDA4F422-62BA-43C4-BD25-D6FF2DCDC083}.Debug|x64.Build.0 = Debug|x64
		{BDA4F422-62BA-43C4-BD25-D6FF2DCDC083}.Debug|x86.ActiveCfg = Debug|Win32
		{BDA4F422-62BA-43C4-BD25-D6FF2DCDC083}.Debug|x86.Build.0 = Debug|Win32
		{BDA4F422-62BA-43C4-BD25-D6FF2DCDC083}.Release|x64.ActiveCfg = Release|x64
		{BDA4F422-62BA-43C4-BD25-D6FF2DCDC083}.Release|x64.Build.0 = Release|x64
		{BDA4F422-62BA-43C4-BD25-D6FF2DCDC083}.Release|x86.ActiveCfg = Release|Win32
		{BDA4F422-62BA-43C4-BD25-D6FF2DCDC083}.Release|x86.Build.0 = Release|Win32
		{7B2CDD6E-6FDF-4502-AEB8-FCCE7DF732CC}.Debug|x64.ActiveCfg = Debug|x64
		{7B2CDD6E-6FDF-4502-AEB8-FCCE7DF732CC}.Debug|x64.Build.0 = Debug|x64
		{7B2CDD6E-6FDF-4502-AEB8-FCCE7DF732CC}.Debug|x86.ActiveCfg = Debug|Win32
		{7B2CDD6E-6FDF-4502-AEB8-FCCE7DF732CC}.Debug|x86.Build.0 = Debug|Win32
		{7B2CDD6E-6FDF-4502-AEB8-FCCE7DF732CC}.Release|x64.ActiveCfg = Release|x64
		{7B2CDD6E-6FDF-4502-AEB8-FCCE7DF732CC}.Release|x64.Build.0 = Release|x64
		{7B2CDD6E-6FDF-4502-AEB8-FCCE7DF732CC}.Release|x86.ActiveCfg = Release|Win32
		{7B2CDD6E-6FDF-4502-AEB8-FCCE7DF732CC}.Release|x86.Build.0 = Release|Win32
		{8B1BF817-6ED6-430E-AE23-01F28AC31099}.Debug|x64.ActiveCfg = Debug|x64
		{8B1BF817-6ED6-430E-AE23-01F28AC31099}.Debug|x64.Build.0 = Debug|x64
		{8B1BF817-6ED6-430E-AE23-01F28AC31099}.Debug|x86.ActiveCfg = Debug|Win32
		{8B1BF817-6ED6-430E-AE23-01F28AC31099}.Debug|x86.Build.0 = Debug|Win32
		{8B1BF817-6ED6-430E-AE23-01F28AC31099}.Release|x64.ActiveCfg = Release|x64
		{8B1BF817-6ED6-430E-AE23-01F28AC31099}.Release|x64.Build.0 = Release|x64
		{8B1BF817-6ED6-430E-AE23-01F28AC31099}.Release|x86.ActiveCfg = Release|Win32
		{8B1BF817-6ED6-430E-AE23-01F28AC31099}.Release|x86.Build.0 = Release|Win32
		{A305B78B-8CAE-4D37-92C5-6091E91F25EC}.Debug|x64.ActiveCfg = Debug|x64
		{A305B78B-8CAE-4D37-92C5-6091E91F25EC}.Debug|x64.Build.0 = Debug|x64
		{A305B78B-8CAE-4D37-92C5-6091E91F25EC}.Debug|x86.ActiveCfg = Debug|Win32
		{A305B78B-8CAE-4D37-92C5-6091E91F25EC}.Debug|x86.Build.0 = Debug|Win32
		{A305B78B-8CAE-4D37-92C5-6091E91F25EC}.Release|x64.ActiveCfg = Release|x64
		{A305B78B-8CAE-4D37-92C5-6091E91F25EC}.Release|x64.Build.0 = Release|x64
		{A305B78B-8CAE-4D37-92C5-6091E91F25EC}.Release|x86.ActiveCfg = Release|Win32
		{A305B78B-8CAE-4D37-92C5-6091E91F25EC}.Release|x86.Build.0 = Release|Win32
		{560B5CBA-E4AA-473E-A4CD-81540B0DEC1F}.Debug|x64.ActiveCfg = Debug|x64
		{560B5CBA-E4AA-473E-A4CD-81540B0DEC1F}.Debug|x64.Build.0 = Debug|x64
		{560B5CBA-E4AA-473E-A4CD-81540B0DEC1F}.Debug|x86.ActiveCfg = Debug|Win32
		{560B5CBA-E4AA-473E-A4CD-81540B0DEC1F}.Debug|x86.Build.0 = Debug|Win32
		{560B5CBA-E4AA-473E-A4CD-81540B0DEC1F}.Release|x64.ActiveCfg = Release|x64
		{560B5CBA-E4AA-473E-A4CD-81540B0DEC1F}.Release|x64.Build.0 = Release|x64
		{560B5CBA-E4AA-473E-A4CD-81540B0DEC1F}.Release|x86.ActiveCfg = Release|Win32
		{560B5CBA-E4AA-473E-A4CD-81540B0DEC1F}.Release|x86.Build.0 = Release|Win32
		{D80381AD-1D39-4B29-A6FC-E94FD6272E70}.Debug|x64.ActiveCfg = Debug|x64
		{D80381AD-1D39-4B29-A6FC-E94FD6272E70}.Debug|x64.Build.0 = Debug|x64
		{D80381AD-1D39-4B29-A6FC-E94FD6272E70}.Debug|x86.ActiveCfg = Debug|Win32
		{D80381AD-1D39-4B29-A6FC-E94FD6272E70}.Debug|x86.Build.0 = Debug|Win32
		{D80381AD-1D39-4B29-A6FC-E94FD6272E70}.Release|x64.ActiveCfg = Release|x64
		{D80381AD-1D39-4B29-A6FC-E94FD6272E70}.Release|x64.Build.0 = Release|x64
		{D80381AD-1D39-4B29-A6FC-E94FD6272E70}.Release|x86.ActiveCfg = Release|Win32
		{D80381AD-1D39-4B29-A6FC-E94FD6272E70}.Release|x86.Build.0 = Release|Win32
		{30A8FD2D-608D-4FD0-917C-AA6389A2746C}.Debug|x64.ActiveCfg = Debug|x64
		{30A8FD2D-608D-4FD0-917C-AA6389A2746C}.Debug|x64.Build.0 = Debug|x64
		{30A8FD2D-608D-4FD0-917C-AA6389A2746C}.Debug|x86.ActiveCfg = Debug|Win32
		{30A8FD2D-608D-4FD0-917C-AA6389A2746C}.Debug|x86.Build.0 = Debug|Win32
		{30A8FD2D-608D-4FD0-917C-AA6389A2746C}.Release|x64.ActiveCfg = Release|x64
		{30A8FD2D-608D-4FD0-917C-AA6389A2746C}.Release|x64.Build.0 = Release|x64
		{30A8FD2D-608D-4FD0-917C-AA6389A2746C}.Release|x86.ActiveCfg = Release|Win32
		{30A8FD2D-608D-4FD0-917C-AA6389A2746C}.Release|x86.Build.0 = Release|Win32
		{5E851997-BE6B-4312-8E44-EDB5B78286FB}.Debug|x64.ActiveCfg = Debug|x64
		{5E851997-BE6B-4312-8E44-EDB5B78286FB}.Debug|x64.Build.0 = Debug|x64
		{5E851997-BE6B-4312-8E44-EDB5B78286FB}.Debug|x86.ActiveCfg = Debug|Win32
		{5E851997-BE6B-4312-8E44-EDB5B78286FB}.Debug|x86.Build.0 = Debug|Win32
		{5E851997-BE6B-4312-8E44-EDB5B78286FB}.Release|x64.ActiveCfg = Release|x64
		{5E851997-BE6B-4312-8E44-EDB5B78286FB}.Release|x64.Build.0 = Release|x64
		{5E851997-BE6B-4312-8E44-EDB5B78286FB}.Release|x86.ActiveCfg = Release|Win32
		{5E851997-BE6B-4312-8E44-EDB5B78286FB}.Release|x86.Build.0 = Release|Win32
		{642447E5-5386-43B1-9A96-6418B3BAF754}.Debug|x64.ActiveCfg = Debug|x64
		{642447E5-5386-43B1-9A96-6418B3BAF754}.Debug|x64.Build.0 = Debug|x64
		{642447E5-5386-43B1-9A96-6418B3BAF754}.Debug|x86.ActiveCfg = Debug|Win32
		{642447E5-5386-43B1-9A96-6418B3BAF754}.Debug|x86.Build.0 = Debug|Win32
		{642447E5-5386-43B1-9A96-6418B3BAF754}.Release|x64.ActiveCfg = Release|x64
		{642447E5-5386-43B1-9A96-6418B3BAF754}.Release|x64.Build.0 = Release|x64
		{642447E5-5386-43B1-9A96-6418B3BAF754}.Release|x86.ActiveCfg = Release|Win32
		{642447E5-5386-43B1-9A96-6418B3BAF754}.Release|x86.Build.0 = Release|Win32
		{206FDB77-D124-40CA-A6FA-595F40954F3C}.Debug|x64.ActiveCfg = Debug|x64
		{206FDB77-D124-40CA-A6FA-595F40954F3C}.Debug|x64.Build.0 = Debug|x64
		{206FDB77-D124-40CA-A6FA-595F40954F3C}.Debug|x86.ActiveCfg = Debug|Win32
		{206FDB77-D124-40CA-A6FA-595F40954F3C}.Debug|x86.Build.0 = Debug|Win32
		{206FDB77-D124-40CA-A6FA-595F40954F3C}.Release|x64.ActiveCfg = Release|x64
		{206FDB77-D124-40CA-A6FA-595F40954F3C}.Release|x64.Build.0 = Release|x64
		{206FDB77-D124-40CA-A6FA-595F40954F3C}.Release|x86.ActiveCfg = Release|Win32
		{206FDB77-D124-40CA-A6FA-595F40954F3C}.Release|x86.Build.0 = Release|Win32
		{C50A7B44-CE17-48BE-9F3D-98B5ED76B58B}.Debug|x64.ActiveCfg = Debug|x64
		{C50A7B44-CE17-48BE-9F3D-98B5ED76B58B}.Debug|x64.Build.0 = Debug|x64
		{C50A7B44-CE17-48BE-9F3D-98B5ED76B58B}.Debug|x86.ActiveCfg = Debug|Win32
		{C50A7B44-CE17-48BE-9F3D-98B5ED76B58B}.Debug|x86.Build.0 = Debug|Win32
		{C50A7B44-CE17-48BE-9F3D-98B5ED76B58B}.Release|x64.ActiveCfg = Release|x64
		{C50A7B44-CE17-48BE-9F3D-98B5ED76B58B}.Release|x64.Build.0 = Release|x64
		{C50A7B44-CE17-48BE-9F3D-98B5ED76B58B}.Release|x86.ActiveCfg = Release|Win32
		{C50A7B44-CE17-48BE-9F3D-98B5ED76B58B}.Release|x86.Build.0 = Release|Win32
		{BE1B5444-E9D3-4A54-A002-AE8A24C378C6}.Debug|x64.ActiveCfg = Debug|x64
		{BE1B5444-E9D3-4A54-A002-AE8A24C378C6}.Debug|x64.Build.0 = Debug|x64
		{BE1B5444-E9D3-4A54-A002-AE8A24C378C6}.Debug|x86.ActiveCfg = Debug|Win32
		{BE1B5444-E9D3-4A54-A002-AE8A24C378C6}.Debug|x86.Build.0 = Debug|Win32
		{BE1B5444-E9D3-4A54-A002-AE8A24C378C6}.Release|x64.ActiveCfg = Release|x64
		{BE1B5444-E9D3-4A54-A002-AE8A24C378C6}.Release|x64.Build.0 = Release|x64
		{BE1B5444-E9D3-4A54-A002-AE8A24C378C6}.Release|x86.ActiveCfg = Release|Win32
		{BE1B5444-E9D3-4A54-A002-AE8A24C378C6}.Release|x86.Build.0 = Release|Win32
		{246BC1FC-8076-4C74-948C-245482DBE3EF}.Debug|x64.ActiveCfg = Debug|x64
		{246BC1FC-8076-4C74-948C-245482DBE3EF}.Debug|x64.Build.0 = Debug|x64
		{246BC1FC-8076-4C74-948C-245482DBE3EF}.Debug|x86.ActiveCfg = Debug|Win32
		{246BC1FC-8076-4C74-948C-245482DBE3EF}.Debug|x86.Build.0 = Debug|Win32
		{246BC1FC-8076-4C74-948C-245482DBE3EF}.Release|x64.ActiveCfg = Release|x64
		{246BC1FC-8076-4C74-948C-245482DBE3EF}.Release|x64.Build.0 = Release|x64
		{246BC1FC-8076-4C74-948C-245482DBE3EF}.Release|x86.ActiveCfg = Release|Win32
		{246BC1FC-8076-4C74-948C-245482DBE3EF}.Release|x86.Build.0 = Release|Win32
		{63CEABC8-DDB7-4C61-866A-F21AA4F6B5DA}.Debug|x64.ActiveCfg = Debug|x64
		{63CEABC8-DDB7-4C61-866A-F21AA4F6B5DA}.Debug|x64.Build.0 = Debug|x64
		{63CEABC8-DDB7-4C61-866A-F21AA4F6B5DA}.Debug|x86.ActiveCfg = Debug|Win32
		{63CEABC8-DDB7-4C61-866A-F21AA4F6B5DA}.Debug|x86.Build.0 = Debug|Win32
		{63CEABC8-DDB7-4C61-866A-F21AA4F6B5DA}.Release|x64.ActiveCfg = Release|x64
		{63CEABC8-DDB7-4C61-866A-F21AA4F6B5DA}.Release|x64.Build.0 = Release|x64
		{63CEABC8-DDB7-4C61-866A-F21AA4F6B5DA}.Release|x86.ActiveCfg = Release|Win32
		{63CEABC8-DDB7-4C61-866A-F21AA4F6B5DA}.Release|x86.Build.0 = Release|Win32
		{F509685C-AD42-4DBC-B478-ED17F8F16924}.Debug|x64.ActiveCfg = Debug|x64
		{F509685C-AD42-4DBC-B478-ED17F8F16924}.Debug|x64.Build.0 = Debug|x64
		{F509685C-AD42-4DBC-B478-ED17F8F16924}.Debug|x86.ActiveCfg = Debug|Win32
		{F509685C-AD42-4DBC-B478-ED17F8F16924}.Debug|x86.Build.0 = Debug|Win32
		{F509685C-AD42-4DBC-B478-ED17F8F16924}.Release|x64.ActiveCfg = Release|x64
		{F509685C-AD42-4DBC-B478-ED17F8F16924}.Release|x64.Build.0 = Release|x64
		{F509685C-AD42-4DBC-B478-ED17F8F16924}.Release|x86.ActiveCfg = Release|Win32
		{F509685C-AD42-4DBC-B478-ED17F8F16924}.Release|x86.Build.0 = Release|Win32
		{F078BBD4-2B58-4332-8075-E409C72015F0}.Debug|x64.ActiveCfg = Debug|x64
		{F078BBD4-2B58-4332-8075-E409C72015F0}.Debug|x64.Build.0 = Debug|x64
		{F078BBD4-2B58-4332-8075-E409C72015F0}.Debug|x86.ActiveCfg = Debug|Win32
		{F078BBD4-2B58-4332-8075-E409C72015F0}.Debug|x86.Build.0 = Debug|Win32
		{F078BBD4-2B58-4332-8075-E409C72015F0}.Release|x64.ActiveCfg = Release|x64
		{F078BBD4-2B58-4332-8075-E409C72015F0}.Release|x64.Build.0 = Release|x64
		{F078BBD4-2B58-4332-8075-E409C72015F0}.Release|x86.ActiveCfg = Release|Win32
		{F078BBD4-2B58-4332-8075-E409C72015F0}.Release|x86.Build.0 = Release|Win32
		{0C617E5D-3C39-4915-9E86-C6A45D5CD510}.Debug|x64.ActiveCfg = Debug|x64
		{0C617E5D-3C39-4915-9E86-C6A45D5CD510}.Debug|x64.Build.0 = Debug|x64
		{0C617E5D-3C39-4915-9E86-C6A45D5CD510}.Debug|x86.ActiveCfg = Debug|Win32
		{0C617E5D-3C39-4915-9E86-C6A45D5CD510}.Debug|x86.Build.0 = Debug|Win32
		{0C617E5D-3C39-4915-9E86-C6A45D5CD510}.Release|x64.ActiveCfg = Release|x64
		{0C617E5D-3C39-4915-9E86-C6A45D5CD510}.Release|x64.Build.0 = Release|x64
		{0C617E5D-3C39-4915-9E86-C6A45D5CD510}.Release|x86.ActiveCfg = Release|Win32
		{0C617E5D-3C39-4915-9E86-C6A45D5CD510}.Release|x86.Build.0 = Release|Win32
		{68EF150C-F049-461B-869A-74951F428FCD}.Debug|x64.ActiveCfg = Debug|x64
		{68EF150C-F049-461B-869A-74951F428FCD}.Debug|x64.Build.0 = Debug|x64
		{68EF150C-F049-461B-869A-74951F428FCD}.Debug|x86.ActiveCfg = Debug|Win32
		{68EF150C-F049-461B-869A-74951F428FCD}.Debug|x86.Build.0 = Debug|Win32
		{68EF150C-F049-461B-869A-74951F428FCD}.Release|x64.ActiveCfg = Release|x64
		{68EF150C-F049-461B-869A-74951F428FCD}.Release|x64.Build.0 = Release|x64
		{68EF150C-F049-461B-869A-74951F428FCD}.Release|x86.ActiveCfg = Release|Win32
		{68EF150C-F049-461B-869A-74951F428FCD}.Release|x86.Build.0 = Release|Win32
		{453F1D68-FD86-4633-9252-4C87CBBF0712}.Debug|x64.ActiveCfg = Debug|x64
		{453F1D68-FD86-4633-9252-4C87CBBF0712}.Debug|x64.Build.0 = Debug|x64
		{453F1D68-FD86-4633-9252-4C87CBBF0712}.Debug|x86.ActiveCfg = Debug|Win32
		{453F1D68-FD86-4633-9252-4C87CBBF0712}.Debug|x86.Build.0 = Debug|Win32
		{453F1D68-FD86-4633-9252-4C87CBBF0712}.Release|x64.ActiveCfg = Release|x64
		{453F1D68-FD86-4633-9252-4C87CBBF0712}.Release|x64.Build.0 = Release|x64
		{453F1D68-FD86-4633-9252-4C87CBBF0712}.Release|x86.ActiveCfg = Release|Win32
		{453F1D68-FD86-4633-9252-4C87CBBF0712}.Release|x86.Build.0 = Release|Win32
		{94F448E8-54A2-41A7-855B-33FB81671841}.Debug|x64.ActiveCfg = Debug|x64
		{94F448E8-54A2-41A7-855B-33FB81671841}.Debug|x64.Build.0 = Debug|x64
		{94F448E8-54A2-41A7-855B-33FB81671841}.Debug|x86.ActiveCfg = Debug|Win32
		{94F448E8-54A2-41A7-855B-33FB81671841}.Debug|x86.Build.0 = Debug|Win32
		{94F448E8-54A2-41A7-855B-33FB81671841}.Release|x64.ActiveCfg = Release|x64
		{94F448E8-54A2-41A7-855B-33FB81671841}.Release|x64.Build.0 = Release|x64
		{94F448E8-54A2-41A7-855B-33FB81671841}.Release|x86.ActiveCfg = Release|Win32
		{94F448E8-54A2-41A7-855B-33FB81671841}.Release|x86.Build.0 = Release|Win32
		{1427A866-63A6-4957-A65A-534A524C07AE}.Debug|x64.ActiveCfg = Debug|x64
		{1427A866-63A6-4957-A65A-534A524C07AE}.Debug|x64.Build.0 = Debug|x64
		{1427A866-63A6-4957-A65A-534A524C07AE}.Debug|x86.ActiveCfg = Debug|Win32
		{1427A866-63A6-4957-A65A-534A524C07AE}.Debug|x86.Build.0 = Debug|Win32
		{1427A866-63A6-4957-A65A-534A524C07AE}.Release|x64.ActiveCfg = Release|x64
		{1427A866-63A6-4957-A65A-534A524C07AE}.Release|x64.Build.0 = Release|x64
		{1427A866-63A6-4957-A65A-534A524C07AE}.Release|x86.ActiveCfg = Release|Win32
		{1427A866-63A6-4957-A65A-534A524C07AE}.Release|x86.Build.0 = Release|Win32
		{180CCBD3-912A-4275-98CB-1E77D12900D1}.Debug|x64.ActiveCfg = Debug|x64
		{180CCBD3-912A-4275-98CB-1E77D12900D1}.Debug|x64.Build.0 = Debug|x64
		{180CCBD3-912A-4275-98CB-1E77D12900D1}.Debug|x86.ActiveCfg = Debug|Win32
		{180CCBD3-912A-4275-98CB-1E77D12900D1}.Debug|x86.Build.0 = Debug|Win32
		{180CCBD3-912A-4275-98CB-1E77D12900D1}.Release|x64.ActiveCfg = Release|x64
		{180CCBD3-912A-4275-98CB-1E77D12900D1}.Release|x64.Build.0 = Release|x64
		{180CCBD3-912A-4275-98CB-1E77D12900D1}.Release|x86.ActiveCfg = Release|Win32
		{180CCBD3-912A-4275-98CB-1E77D12900D1}.Release|x86.Build.0 = Release|Win32
		{B00626C1-BC7F-4BC3-BB99-6444CCAA391E}.Debug|x64.ActiveCfg = Debug|x64
		{B00626C1-BC7F-4BC3-BB99-6444CCAA391E}.Debug|x64.Build.0 = Debug|x64
		{B00626C1-BC7F-4BC3-BB99-6444CCAA391E}.Debug|x86.ActiveCfg = Debug|Win32
		{B00626C1-BC7F-4BC3-BB99-6444CCAA391E}.Debug|x86.Build.0 = Debug|Win32
		{B00626C1-BC7F-4BC3-BB99-6444CCAA391E}.Release|x64.ActiveCfg = Release|x64
		{B00626C1-BC7F-4BC3-BB99-6444CCAA391E}.Release|x64.Build.0 = Release|x64
		{B00626C1-BC7F-4BC3-BB99-6444CCAA391E}.Release|x86.ActiveCfg = Release|Win32
		{B00626C1-BC7F-4BC3-BB99-6444CCAA391E}.Release|x86.Build.0 = Release|Win32
		{37E56DE6-63EF-4E54-97D8-8C84FEB22AAF}.Debug|x64.ActiveCfg = Debug|x64
		{37E56DE6-63EF-4E54-97D8-8C84FEB22AAF}.Debug|x64.Build.0 = Debug|x64
		{37E56DE6-63EF-4E54-97D8-8C84FEB22AAF}.Debug|x86.ActiveCfg = Debug|Win32
		{37E56DE6-63EF-4E54-97D8-8C84FEB22AAF}.Debug|x86.Build.0 = Debug|Win32
		{37E56DE6-63EF-4E54-97D8-8C84FEB22AAF}.Release|x64.ActiveCfg = Release|x64
		{37E56DE6-63EF-4E54-97D8-8C84FEB22AAF}.Release|x64.Build.0 = Release|x64
		{37E56DE6-63EF-4E54-97D8-8C84FEB22AAF}.Release|x86.ActiveCfg = Release|Win32
		{37E56DE6-63EF-4E54-97D8-8C84FEB22AAF}.Release|x86.Build.0 = Release|Win32
	EndGlobalSection
	GlobalSection(SolutionProperties) = preSolution
		HideSolutionNode = FALSE
	EndGlobalSection
	GlobalSection(ExtensibilityGlobals) = postSolution
		SolutionGuid = {F8324099-5DE9-4A49-8783-A21ED15A7CD3}
	EndGlobalSection
EndGlobal
